
Microsoft Visual Studio Solution File, Format Version 12.00
Project("{FAE04EC0-301F-11D3-BF4B-00C04F79EFBC}") = "Peachpie.Avalonia", "Peachpie.Avalonia\Peachpie.Avalonia.csproj", "{28437961-E62B-4ABA-9567-9B519B582462}"
EndProject
Project("{FAE04EC0-301F-11D3-BF4B-00C04F79EFBC}") = "Application", "Samples\Application\Application.msbuildproj", "{B95BBB40-44FE-45A8-82CD-7D847C642AA8}"
EndProject
Project("{FAE04EC0-301F-11D3-BF4B-00C04F79EFBC}") = "ApplicationDesktop", "Samples\ApplicationDesktop\ApplicationDesktop.msbuildproj", "{C8B11070-8AAC-41E4-9156-ACFE40115BA6}"
EndProject
Global
	GlobalSection(SolutionConfigurationPlatforms) = preSolution
		Debug|Any CPU = Debug|Any CPU
		Release|Any CPU = Release|Any CPU
	EndGlobalSection
	GlobalSection(ProjectConfigurationPlatforms) = postSolution
		{28437961-E62B-4ABA-9567-9B519B582462}.Debug|Any CPU.ActiveCfg = Debug|Any CPU
		{28437961-E62B-4ABA-9567-9B519B582462}.Debug|Any CPU.Build.0 = Debug|Any CPU
		{28437961-E62B-4ABA-9567-9B519B582462}.Release|Any CPU.ActiveCfg = Release|Any CPU
		{28437961-E62B-4ABA-9567-9B519B582462}.Release|Any CPU.Build.0 = Release|Any CPU
		{B95BBB40-44FE-45A8-82CD-7D847C642AA8}.Debug|Any CPU.ActiveCfg = Debug|Any CPU
		{B95BBB40-44FE-45A8-82CD-7D847C642AA8}.Debug|Any CPU.Build.0 = Debug|Any CPU
		{B95BBB40-44FE-45A8-82CD-7D847C642AA8}.Release|Any CPU.ActiveCfg = Release|Any CPU
		{B95BBB40-44FE-45A8-82CD-7D847C642AA8}.Release|Any CPU.Build.0 = Release|Any CPU
		{C8B11070-8AAC-41E4-9156-ACFE40115BA6}.Debug|Any CPU.ActiveCfg = Debug|Any CPU
		{C8B11070-8AAC-41E4-9156-ACFE40115BA6}.Debug|Any CPU.Build.0 = Debug|Any CPU
		{C8B11070-8AAC-41E4-9156-ACFE40115BA6}.Release|Any CPU.ActiveCfg = Release|Any CPU
		{C8B11070-8AAC-41E4-9156-ACFE40115BA6}.Release|Any CPU.Build.0 = Release|Any CPU
	EndGlobalSection
EndGlobal
